
Microsoft Visual Studio Solution File, Format Version 12.00
# Visual Studio Version 17
VisualStudioVersion = 17.4.33213.308
MinimumVisualStudioVersion = 10.0.40219.1
Project("{FAE04EC0-301F-11D3-BF4B-00C04F79EFBC}") = "WebApiMeteo", "WebApiMeteo.csproj", "{B1252846-0036-496F-A2FD-1C31EBDF7D8B}"
EndProject
Global
	GlobalSection(SolutionConfigurationPlatforms) = preSolution
		Debug|Any CPU = Debug|Any CPU
		Release|Any CPU = Release|Any CPU
	EndGlobalSection
	GlobalSection(ProjectConfigurationPlatforms) = postSolution
		{B1252846-0036-496F-A2FD-1C31EBDF7D8B}.Debug|Any CPU.ActiveCfg = Debug|Any CPU
		{B1252846-0036-496F-A2FD-1C31EBDF7D8B}.Debug|Any CPU.Build.0 = Debug|Any CPU
		{B1252846-0036-496F-A2FD-1C31EBDF7D8B}.Release|Any CPU.ActiveCfg = Release|Any CPU
		{B1252846-0036-496F-A2FD-1C31EBDF7D8B}.Release|Any CPU.Build.0 = Release|Any CPU
	EndGlobalSection
	GlobalSection(SolutionProperties) = preSolution
		HideSolutionNode = FALSE
	EndGlobalSection
	GlobalSection(ExtensibilityGlobals) = postSolution
		SolutionGuid = {BC490D64-D0D0-4108-BF19-54C4B00908D0}
	EndGlobalSection
EndGlobal
